
Microsoft Visual Studio Solution File, Format Version 12.00
# Visual Studio 15
VisualStudioVersion = 15.0.26730.16
MinimumVisualStudioVersion = 10.0.40219.1
Project("{FAE04EC0-301F-11D3-BF4B-00C04F79EFBC}") = "LinearAlgebra", "LinearAlgebra\LinearAlgebra.csproj", "{01378391-50D8-4F33-ADB8-835C1492B72A}"
EndProject
Project("{FAE04EC0-301F-11D3-BF4B-00C04F79EFBC}") = "LinearAlgebraTest", "LinearAlgebraTest\LinearAlgebraTest.csproj", "{411BD157-6935-4C30-A639-8E6CE0A29B46}"
EndProject
Global
	GlobalSection(SolutionConfigurationPlatforms) = preSolution
		Debug|Any CPU = Debug|Any CPU
		Release|Any CPU = Release|Any CPU
	EndGlobalSection
	GlobalSection(ProjectConfigurationPlatforms) = postSolution
		{01378391-50D8-4F33-ADB8-835C1492B72A}.Debug|Any CPU.ActiveCfg = Debug|Any CPU
		{01378391-50D8-4F33-ADB8-835C1492B72A}.Debug|Any CPU.Build.0 = Debug|Any CPU
		{01378391-50D8-4F33-ADB8-835C1492B72A}.Release|Any CPU.ActiveCfg = Release|Any CPU
		{01378391-50D8-4F33-ADB8-835C1492B72A}.Release|Any CPU.Build.0 = Release|Any CPU
		{411BD157-6935-4C30-A639-8E6CE0A29B46}.Debug|Any CPU.ActiveCfg = Debug|Any CPU
		{411BD157-6935-4C30-A639-8E6CE0A29B46}.Debug|Any CPU.Build.0 = Debug|Any CPU
		{411BD157-6935-4C30-A639-8E6CE0A29B46}.Release|Any CPU.ActiveCfg = Release|Any CPU
		{411BD157-6935-4C30-A639-8E6CE0A29B46}.Release|Any CPU.Build.0 = Release|Any CPU
	EndGlobalSection
	GlobalSection(SolutionProperties) = preSolution
		HideSolutionNode = FALSE
	EndGlobalSection
	GlobalSection(ExtensibilityGlobals) = postSolution
		SolutionGuid = {D9558FE9-27F1-4746-89F9-7D81CC4D0229}
	EndGlobalSection
EndGlobal
